
Microsoft Visual Studio Solution File, Format Version 12.00
# Visual Studio 2012
Project("{8BC9CEB8-8B4A-11D0-8D11-00A0C91BC942}") = "Win32Socket", "Win32Socket\Win32Socket.vcxproj", "{3424A359-3A13-4749-A495-5DCC4D829D45}"
EndProject
Global
	GlobalSection(SolutionConfigurationPlatforms) = preSolution
		Debug|Win32 = Debug|Win32
		Release|Win32 = Release|Win32
	EndGlobalSection
	GlobalSection(ProjectConfigurationPlatforms) = postSolution
		{3424A359-3A13-4749-A495-5DCC4D829D45}.Debug|Win32.ActiveCfg = Debug|Win32
		{3424A359-3A13-4749-A495-5DCC4D829D45}.Debug|Win32.Build.0 = Debug|Win32
		{3424A359-3A13-4749-A495-5DCC4D829D45}.Release|Win32.ActiveCfg = Release|Win32
		{3424A359-3A13-4749-A495-5DCC4D829D45}.Release|Win32.Build.0 = Release|Win32
	EndGlobalSection
	GlobalSection(SolutionProperties) = preSolution
		HideSolutionNode = FALSE
	EndGlobalSection
EndGlobal
